
Microsoft Visual Studio Solution File, Format Version 12.00
# Visual Studio Version 17
VisualStudioVersion = 17.11.35208.52
MinimumVisualStudioVersion = 10.0.40219.1
Project("{FAE04EC0-301F-11D3-BF4B-00C04F79EFBC}") = "PDatos", "PDatos\PDatos.csproj", "{DE82CA79-8D6A-45AA-9CC6-5B30892F57C7}"
EndProject
Global
	GlobalSection(SolutionConfigurationPlatforms) = preSolution
		Debug|Any CPU = Debug|Any CPU
		Release|Any CPU = Release|Any CPU
	EndGlobalSection
	GlobalSection(ProjectConfigurationPlatforms) = postSolution
		{DE82CA79-8D6A-45AA-9CC6-5B30892F57C7}.Debug|Any CPU.ActiveCfg = Debug|Any CPU
		{DE82CA79-8D6A-45AA-9CC6-5B30892F57C7}.Debug|Any CPU.Build.0 = Debug|Any CPU
		{DE82CA79-8D6A-45AA-9CC6-5B30892F57C7}.Release|Any CPU.ActiveCfg = Release|Any CPU
		{DE82CA79-8D6A-45AA-9CC6-5B30892F57C7}.Release|Any CPU.Build.0 = Release|Any CPU
	EndGlobalSection
	GlobalSection(SolutionProperties) = preSolution
		HideSolutionNode = FALSE
	EndGlobalSection
	GlobalSection(ExtensibilityGlobals) = postSolution
		SolutionGuid = {F4A50C55-B650-47D3-979D-4A4200228CB3}
	EndGlobalSection
EndGlobal
